
Microsoft Visual Studio Solution File, Format Version 12.00
# Visual Studio Version 17
VisualStudioVersion = 17.9.34607.119
MinimumVisualStudioVersion = 10.0.40219.1
Project("{9A19103F-16F7-4668-BE54-9A1E7A4F7556}") = "SuperBarber", "SuperBarber\SuperBarber.csproj", "{1C5CA275-69FE-41A0-A532-0C6AC08F0FB2}"
EndProject
Project("{9A19103F-16F7-4668-BE54-9A1E7A4F7556}") = "Persistence", "Persistence\Persistence.csproj", "{6C45CF8F-6446-46D4-912E-64FC5EF21146}"
EndProject
Project("{9A19103F-16F7-4668-BE54-9A1E7A4F7556}") = "Business", "Business\Business.csproj", "{7ED5249D-36A9-4D56-88AA-45FB27C15207}"
EndProject
Project("{FAE04EC0-301F-11D3-BF4B-00C04F79EFBC}") = "Common", "Common\Common.csproj", "{F437FBFA-EBAB-4A21-AEA0-63C59897AE0E}"
EndProject
Global
	GlobalSection(SolutionConfigurationPlatforms) = preSolution
		Debug|Any CPU = Debug|Any CPU
		Release|Any CPU = Release|Any CPU
	EndGlobalSection
	GlobalSection(ProjectConfigurationPlatforms) = postSolution
		{1C5CA275-69FE-41A0-A532-0C6AC08F0FB2}.Debug|Any CPU.ActiveCfg = Debug|Any CPU
		{1C5CA275-69FE-41A0-A532-0C6AC08F0FB2}.Debug|Any CPU.Build.0 = Debug|Any CPU
		{1C5CA275-69FE-41A0-A532-0C6AC08F0FB2}.Release|Any CPU.ActiveCfg = Release|Any CPU
		{1C5CA275-69FE-41A0-A532-0C6AC08F0FB2}.Release|Any CPU.Build.0 = Release|Any CPU
		{6C45CF8F-6446-46D4-912E-64FC5EF21146}.Debug|Any CPU.ActiveCfg = Debug|Any CPU
		{6C45CF8F-6446-46D4-912E-64FC5EF21146}.Debug|Any CPU.Build.0 = Debug|Any CPU
		{6C45CF8F-6446-46D4-912E-64FC5EF21146}.Release|Any CPU.ActiveCfg = Release|Any CPU
		{6C45CF8F-6446-46D4-912E-64FC5EF21146}.Release|Any CPU.Build.0 = Release|Any CPU
		{7ED5249D-36A9-4D56-88AA-45FB27C15207}.Debug|Any CPU.ActiveCfg = Debug|Any CPU
		{7ED5249D-36A9-4D56-88AA-45FB27C15207}.Debug|Any CPU.Build.0 = Debug|Any CPU
		{7ED5249D-36A9-4D56-88AA-45FB27C15207}.Release|Any CPU.ActiveCfg = Release|Any CPU
		{7ED5249D-36A9-4D56-88AA-45FB27C15207}.Release|Any CPU.Build.0 = Release|Any CPU
		{F437FBFA-EBAB-4A21-AEA0-63C59897AE0E}.Debug|Any CPU.ActiveCfg = Debug|Any CPU
		{F437FBFA-EBAB-4A21-AEA0-63C59897AE0E}.Debug|Any CPU.Build.0 = Debug|Any CPU
		{F437FBFA-EBAB-4A21-AEA0-63C59897AE0E}.Release|Any CPU.ActiveCfg = Release|Any CPU
		{F437FBFA-EBAB-4A21-AEA0-63C59897AE0E}.Release|Any CPU.Build.0 = Release|Any CPU
	EndGlobalSection
	GlobalSection(SolutionProperties) = preSolution
		HideSolutionNode = FALSE
	EndGlobalSection
	GlobalSection(ExtensibilityGlobals) = postSolution
		SolutionGuid = {35B34509-E593-40D7-9CB5-6024F8510710}
	EndGlobalSection
EndGlobal
